---
ID: "e9778725-f086-4afc-b374-bc80feb1896e"
Parent: "e43f2568-9b29-40be-8fc4-61904821f463"
Template: "ab86861a-6030-46c5-b394-e8f99e8b87db"
Path: /sitecore/templates/Feature/DemoSite/Callouts/CalloutBlock/CalloutBlock
SharedFields:
  - ID: "06d5295c-ed2f-4a54-9bf2-26228d113318"
    Hint: __Icon
    Value: control/32x32/message_box_h.png
  - ID: "12c33f3f-86c5-43a5-aeb4-5598cec45116"
    Hint: __Base template
    Value: "{1930BBEB-7805-471A-A3BE-4858AC7CF696}"
  - ID: "f7d48a55-2158-4f02-9356-756654404f73"
    Hint: __Standard values
    Value: "{F037558C-59BF-4D81-AB54-D71EAA9424D1}"
Languages:
  - Language: en
    Fields:
      - ID: "b5e02ad9-d56f-4c41-a065-a133db87bdeb"
        Hint: __Display name
        Value: Callout Block
    Versions:
      - Version: 1
        Fields:
          - ID: "5dd74568-4d4b-44c1-b513-0af5f4cda34f"
            Hint: __Created by
            Value: |
              sitecore\Admin
          - ID: "8cdc337e-a112-42fb-bbb4-4143751e123f"
            Hint: __Revision
            Value: "2b7b3c04-f74e-40f3-b197-586e617d672d"
